// !$*UTF8*$!
{
	archiveVersion = 1;
	classes = {
	};
	objectVersion = 50;
	objects = {

/* Begin PBXBuildFile section */
		040F3A9E25B1299900790433 /* CORuntime.m in Sources */ = {isa = PBXBuildFile; fileRef = 040F3A9D25B1299900790433 /* CORuntime.m */; };
		041F3D8625AE803400E4CFD9 /* CONumButtonVerdictFactory.m in Sources */ = {isa = PBXBuildFile; fileRef = 041F3D8525AE803400E4CFD9 /* CONumButtonVerdictFactory.m */; };
		6843E8FD25A9E8DF0018E0D5 /* AppDelegate.m in Sources */ = {isa = PBXBuildFile; fileRef = 6843E8FC25A9E8DF0018E0D5 /* AppDelegate.m */; };
		6843E90025A9E8DF0018E0D5 /* SceneDelegate.m in Sources */ = {isa = PBXBuildFile; fileRef = 6843E8FF25A9E8DF0018E0D5 /* SceneDelegate.m */; };
		6843E90325A9E8DF0018E0D5 /* ViewController.m in Sources */ = {isa = PBXBuildFile; fileRef = 6843E90225A9E8DF0018E0D5 /* ViewController.m */; };
		6843E90625A9E8DF0018E0D5 /* Main.storyboard in Resources */ = {isa = PBXBuildFile; fileRef = 6843E90425A9E8DF0018E0D5 /* Main.storyboard */; };
		6843E90825A9E8E40018E0D5 /* Assets.xcassets in Resources */ = {isa = PBXBuildFile; fileRef = 6843E90725A9E8E40018E0D5 /* Assets.xcassets */; };
		6843E90B25A9E8E40018E0D5 /* LaunchScreen.storyboard in Resources */ = {isa = PBXBuildFile; fileRef = 6843E90925A9E8E40018E0D5 /* LaunchScreen.storyboard */; };
		6843E90E25A9E8E40018E0D5 /* main.m in Sources */ = {isa = PBXBuildFile; fileRef = 6843E90D25A9E8E40018E0D5 /* main.m */; };
		6843E91825A9E8E40018E0D5 /* CONumButtonTests.m in Sources */ = {isa = PBXBuildFile; fileRef = 6843E91725A9E8E40018E0D5 /* CONumButtonTests.m */; };
		6843E92325A9E8E40018E0D5 /* CONumButtonUITests.m in Sources */ = {isa = PBXBuildFile; fileRef = 6843E92225A9E8E40018E0D5 /* CONumButtonUITests.m */; };
		6843E93725A9EA5E0018E0D5 /* CONumButton.m in Sources */ = {isa = PBXBuildFile; fileRef = 6843E93525A9EA5E0018E0D5 /* CONumButton.m */; };
/* End PBXBuildFile section */

/* Begin PBXContainerItemProxy section */
		6843E91425A9E8E40018E0D5 /* PBXContainerItemProxy */ = {
			isa = PBXContainerItemProxy;
			containerPortal = 6843E8F025A9E8DF0018E0D5 /* Project object */;
			proxyType = 1;
			remoteGlobalIDString = 6843E8F725A9E8DF0018E0D5;
			remoteInfo = conumButton;
		};
		6843E91F25A9E8E40018E0D5 /* PBXContainerItemProxy */ = {
			isa = PBXContainerItemProxy;
			containerPortal = 6843E8F025A9E8DF0018E0D5 /* Project object */;
			proxyType = 1;
			remoteGlobalIDString = 6843E8F725A9E8DF0018E0D5;
			remoteInfo = conumButton;
		};
/* End PBXContainerItemProxy section */

/* Begin PBXFileReference section */
		040F3A9C25B1299900790433 /* CORuntime.h */ = {isa = PBXFileReference; lastKnownFileType = sourcecode.c.h; path = CORuntime.h; sourceTree = "<group>"; };
		040F3A9D25B1299900790433 /* CORuntime.m */ = {isa = PBXFileReference; lastKnownFileType = sourcecode.c.objc; path = CORuntime.m; sourceTree = "<group>"; };
		041F3D8425AE803400E4CFD9 /* CONumButtonVerdictFactory.h */ = {isa = PBXFileReference; fileEncoding = 4; lastKnownFileType = sourcecode.c.h; path = CONumButtonVerdictFactory.h; sourceTree = "<group>"; };
		041F3D8525AE803400E4CFD9 /* CONumButtonVerdictFactory.m */ = {isa = PBXFileReference; fileEncoding = 4; lastKnownFileType = sourcecode.c.objc; path = CONumButtonVerdictFactory.m; sourceTree = "<group>"; };
		6843E8F825A9E8DF0018E0D5 /* CoNumButton.app */ = {isa = PBXFileReference; explicitFileType = wrapper.application; includeInIndex = 0; path = CoNumButton.app; sourceTree = BUILT_PRODUCTS_DIR; };
		6843E8FB25A9E8DF0018E0D5 /* AppDelegate.h */ = {isa = PBXFileReference; lastKnownFileType = sourcecode.c.h; path = AppDelegate.h; sourceTree = "<group>"; };
		6843E8FC25A9E8DF0018E0D5 /* AppDelegate.m */ = {isa = PBXFileReference; lastKnownFileType = sourcecode.c.objc; path = AppDelegate.m; sourceTree = "<group>"; };
		6843E8FE25A9E8DF0018E0D5 /* SceneDelegate.h */ = {isa = PBXFileReference; lastKnownFileType = sourcecode.c.h; path = SceneDelegate.h; sourceTree = "<group>"; };
		6843E8FF25A9E8DF0018E0D5 /* SceneDelegate.m */ = {isa = PBXFileReference; lastKnownFileType = sourcecode.c.objc; path = SceneDelegate.m; sourceTree = "<group>"; };
		6843E90125A9E8DF0018E0D5 /* ViewController.h */ = {isa = PBXFileReference; lastKnownFileType = sourcecode.c.h; path = ViewController.h; sourceTree = "<group>"; };
		6843E90225A9E8DF0018E0D5 /* ViewController.m */ = {isa = PBXFileReference; lastKnownFileType = sourcecode.c.objc; path = ViewController.m; sourceTree = "<group>"; };
		6843E90525A9E8DF0018E0D5 /* Base */ = {isa = PBXFileReference; lastKnownFileType = file.storyboard; name = Base; path = Base.lproj/Main.storyboard; sourceTree = "<group>"; };
		6843E90725A9E8E40018E0D5 /* Assets.xcassets */ = {isa = PBXFileReference; lastKnownFileType = folder.assetcatalog; path = Assets.xcassets; sourceTree = "<group>"; };
		6843E90A25A9E8E40018E0D5 /* Base */ = {isa = PBXFileReference; lastKnownFileType = file.storyboard; name = Base; path = Base.lproj/LaunchScreen.storyboard; sourceTree = "<group>"; };
		6843E90C25A9E8E40018E0D5 /* Info.plist */ = {isa = PBXFileReference; lastKnownFileType = text.plist.xml; path = Info.plist; sourceTree = "<group>"; };
		6843E90D25A9E8E40018E0D5 /* main.m */ = {isa = PBXFileReference; lastKnownFileType = sourcecode.c.objc; path = main.m; sourceTree = "<group>"; };
		6843E91325A9E8E40018E0D5 /* CONumButtonTests.xctest */ = {isa = PBXFileReference; explicitFileType = wrapper.cfbundle; includeInIndex = 0; path = CONumButtonTests.xctest; sourceTree = BUILT_PRODUCTS_DIR; };
		6843E91725A9E8E40018E0D5 /* CONumButtonTests.m */ = {isa = PBXFileReference; lastKnownFileType = sourcecode.c.objc; path = CONumButtonTests.m; sourceTree = "<group>"; };
		6843E91925A9E8E40018E0D5 /* Info.plist */ = {isa = PBXFileReference; lastKnownFileType = text.plist.xml; path = Info.plist; sourceTree = "<group>"; };
		6843E91E25A9E8E40018E0D5 /* CONumButtonUITests.xctest */ = {isa = PBXFileReference; explicitFileType = wrapper.cfbundle; includeInIndex = 0; path = CONumButtonUITests.xctest; sourceTree = BUILT_PRODUCTS_DIR; };
		6843E92225A9E8E40018E0D5 /* CONumButtonUITests.m */ = {isa = PBXFileReference; lastKnownFileType = sourcecode.c.objc; path = CONumButtonUITests.m; sourceTree = "<group>"; };
		6843E92425A9E8E40018E0D5 /* Info.plist */ = {isa = PBXFileReference; lastKnownFileType = text.plist.xml; path = Info.plist; sourceTree = "<group>"; };
		6843E93525A9EA5E0018E0D5 /* CONumButton.m */ = {isa = PBXFileReference; fileEncoding = 4; lastKnownFileType = sourcecode.c.objc; path = CONumButton.m; sourceTree = "<group>"; };
		6843E93625A9EA5E0018E0D5 /* CONumButton.h */ = {isa = PBXFileReference; fileEncoding = 4; lastKnownFileType = sourcecode.c.h; path = CONumButton.h; sourceTree = "<group>"; };
/* End PBXFileReference section */

/* Begin PBXFrameworksBuildPhase section */
		6843E8F525A9E8DF0018E0D5 /* Frameworks */ = {
			isa = PBXFrameworksBuildPhase;
			buildActionMask = 2147483647;
			files = (
			);
			runOnlyForDeploymentPostprocessing = 0;
		};
		6843E91025A9E8E40018E0D5 /* Frameworks */ = {
			isa = PBXFrameworksBuildPhase;
			buildActionMask = 2147483647;
			files = (
			);
			runOnlyForDeploymentPostprocessing = 0;
		};
		6843E91B25A9E8E40018E0D5 /* Frameworks */ = {
			isa = PBXFrameworksBuildPhase;
			buildActionMask = 2147483647;
			files = (
			);
			runOnlyForDeploymentPostprocessing = 0;
		};
/* End PBXFrameworksBuildPhase section */

/* Begin PBXGroup section */
		6843E8EF25A9E8DF0018E0D5 = {
			isa = PBXGroup;
			children = (
				6843E8FA25A9E8DF0018E0D5 /* CONumButton */,
				6843E91625A9E8E40018E0D5 /* CONumButtonTests */,
				6843E92125A9E8E40018E0D5 /* CONumButtonUITests */,
				6843E8F925A9E8DF0018E0D5 /* Products */,
			);
			sourceTree = "<group>";
		};
		6843E8F925A9E8DF0018E0D5 /* Products */ = {
			isa = PBXGroup;
			children = (
				6843E8F825A9E8DF0018E0D5 /* CoNumButton.app */,
				6843E91325A9E8E40018E0D5 /* CONumButtonTests.xctest */,
				6843E91E25A9E8E40018E0D5 /* CONumButtonUITests.xctest */,
			);
			name = Products;
			sourceTree = "<group>";
		};
		6843E8FA25A9E8DF0018E0D5 /* CONumButton */ = {
			isa = PBXGroup;
			children = (
				6843E93125A9E92C0018E0D5 /* CONumButton */,
				6843E93025A9E9070018E0D5 /* Other */,
				6843E90725A9E8E40018E0D5 /* Assets.xcassets */,
				6843E90925A9E8E40018E0D5 /* LaunchScreen.storyboard */,
				6843E90C25A9E8E40018E0D5 /* Info.plist */,
				6843E90D25A9E8E40018E0D5 /* main.m */,
			);
			path = CONumButton;
			sourceTree = "<group>";
		};
		6843E91625A9E8E40018E0D5 /* CONumButtonTests */ = {
			isa = PBXGroup;
			children = (
				6843E91725A9E8E40018E0D5 /* CONumButtonTests.m */,
				6843E91925A9E8E40018E0D5 /* Info.plist */,
			);
			path = CONumButtonTests;
			sourceTree = "<group>";
		};
		6843E92125A9E8E40018E0D5 /* CONumButtonUITests */ = {
			isa = PBXGroup;
			children = (
				6843E92225A9E8E40018E0D5 /* CONumButtonUITests.m */,
				6843E92425A9E8E40018E0D5 /* Info.plist */,
			);
			path = CONumButtonUITests;
			sourceTree = "<group>";
		};
		6843E93025A9E9070018E0D5 /* Other */ = {
			isa = PBXGroup;
			children = (
				6843E8FB25A9E8DF0018E0D5 /* AppDelegate.h */,
				6843E8FC25A9E8DF0018E0D5 /* AppDelegate.m */,
				6843E8FE25A9E8DF0018E0D5 /* SceneDelegate.h */,
				6843E8FF25A9E8DF0018E0D5 /* SceneDelegate.m */,
				6843E90125A9E8DF0018E0D5 /* ViewController.h */,
				6843E90225A9E8DF0018E0D5 /* ViewController.m */,
				6843E90425A9E8DF0018E0D5 /* Main.storyboard */,
			);
			path = Other;
			sourceTree = "<group>";
		};
		6843E93125A9E92C0018E0D5 /* CONumButton */ = {
			isa = PBXGroup;
			children = (
				6843E93625A9EA5E0018E0D5 /* CONumButton.h */,
				6843E93525A9EA5E0018E0D5 /* CONumButton.m */,
				041F3D8425AE803400E4CFD9 /* CONumButtonVerdictFactory.h */,
				041F3D8525AE803400E4CFD9 /* CONumButtonVerdictFactory.m */,
				040F3A9C25B1299900790433 /* CORuntime.h */,
				040F3A9D25B1299900790433 /* CORuntime.m */,
			);
			path = CONumButton;
			sourceTree = "<group>";
		};
/* End PBXGroup section */

/* Begin PBXNativeTarget section */
		6843E8F725A9E8DF0018E0D5 /* CONumButton */ = {
			isa = PBXNativeTarget;
			buildConfigurationList = 6843E92725A9E8E40018E0D5 /* Build configuration list for PBXNativeTarget "CONumButton" */;
			buildPhases = (
				6843E8F425A9E8DF0018E0D5 /* Sources */,
				6843E8F525A9E8DF0018E0D5 /* Frameworks */,
				6843E8F625A9E8DF0018E0D5 /* Resources */,
			);
			buildRules = (
			);
			dependencies = (
			);
			name = CONumButton;
			productName = conumButton;
			productReference = 6843E8F825A9E8DF0018E0D5 /* CoNumButton.app */;
			productType = "com.apple.product-type.application";
		};
		6843E91225A9E8E40018E0D5 /* CONumButtonTests */ = {
			isa = PBXNativeTarget;
			buildConfigurationList = 6843E92A25A9E8E40018E0D5 /* Build configuration list for PBXNativeTarget "CONumButtonTests" */;
			buildPhases = (
				6843E90F25A9E8E40018E0D5 /* Sources */,
				6843E91025A9E8E40018E0D5 /* Frameworks */,
				6843E91125A9E8E40018E0D5 /* Resources */,
			);
			buildRules = (
			);
			dependencies = (
				6843E91525A9E8E40018E0D5 /* PBXTargetDependency */,
			);
			name = CONumButtonTests;
			productName = conumButtonTests;
			productReference = 6843E91325A9E8E40018E0D5 /* CONumButtonTests.xctest */;
			productType = "com.apple.product-type.bundle.unit-test";
		};
		6843E91D25A9E8E40018E0D5 /* CONumButtonUITests */ = {
			isa = PBXNativeTarget;
			buildConfigurationList = 6843E92D25A9E8E40018E0D5 /* Build configuration list for PBXNativeTarget "CONumButtonUITests" */;
			buildPhases = (
				6843E91A25A9E8E40018E0D5 /* Sources */,
				6843E91B25A9E8E40018E0D5 /* Frameworks */,
				6843E91C25A9E8E40018E0D5 /* Resources */,
			);
			buildRules = (
			);
			dependencies = (
				6843E92025A9E8E40018E0D5 /* PBXTargetDependency */,
			);
			name = CONumButtonUITests;
			productName = conumButtonUITests;
			productReference = 6843E91E25A9E8E40018E0D5 /* CONumButtonUITests.xctest */;
			productType = "com.apple.product-type.bundle.ui-testing";
		};
/* End PBXNativeTarget section */

/* Begin PBXProject section */
		6843E8F025A9E8DF0018E0D5 /* Project object */ = {
			isa = PBXProject;
			attributes = {
				CLASSPREFIX = co;
				LastUpgradeCheck = 1160;
				ORGANIZATIONNAME = "Bryant Reyn";
				TargetAttributes = {
					6843E8F725A9E8DF0018E0D5 = {
						CreatedOnToolsVersion = 11.6;
					};
					6843E91225A9E8E40018E0D5 = {
						CreatedOnToolsVersion = 11.6;
						TestTargetID = 6843E8F725A9E8DF0018E0D5;
					};
					6843E91D25A9E8E40018E0D5 = {
						CreatedOnToolsVersion = 11.6;
						TestTargetID = 6843E8F725A9E8DF0018E0D5;
					};
				};
			};
			buildConfigurationList = 6843E8F325A9E8DF0018E0D5 /* Build configuration list for PBXProject "CONumButton" */;
			compatibilityVersion = "Xcode 9.3";
			developmentRegion = en;
			hasScannedForEncodings = 0;
			knownRegions = (
				en,
				Base,
			);
			mainGroup = 6843E8EF25A9E8DF0018E0D5;
			productRefGroup = 6843E8F925A9E8DF0018E0D5 /* Products */;
			projectDirPath = "";
			projectRoot = "";
			targets = (
				6843E8F725A9E8DF0018E0D5 /* CONumButton */,
				6843E91225A9E8E40018E0D5 /* CONumButtonTests */,
				6843E91D25A9E8E40018E0D5 /* CONumButtonUITests */,
			);
		};
/* End PBXProject section */

/* Begin PBXResourcesBuildPhase section */
		6843E8F625A9E8DF0018E0D5 /* Resources */ = {
			isa = PBXResourcesBuildPhase;
			buildActionMask = 2147483647;
			files = (
				6843E90B25A9E8E40018E0D5 /* LaunchScreen.storyboard in Resources */,
				6843E90825A9E8E40018E0D5 /* Assets.xcassets in Resources */,
				6843E90625A9E8DF0018E0D5 /* Main.storyboard in Resources */,
			);
			runOnlyForDeploymentPostprocessing = 0;
		};
		6843E91125A9E8E40018E0D5 /* Resources */ = {
			isa = PBXResourcesBuildPhase;
			buildActionMask = 2147483647;
			files = (
			);
			runOnlyForDeploymentPostprocessing = 0;
		};
		6843E91C25A9E8E40018E0D5 /* Resources */ = {
			isa = PBXResourcesBuildPhase;
			buildActionMask = 2147483647;
			files = (
			);
			runOnlyForDeploymentPostprocessing = 0;
		};
/* End PBXResourcesBuildPhase section */

/* Begin PBXSourcesBuildPhase section */
		6843E8F425A9E8DF0018E0D5 /* Sources */ = {
			isa = PBXSourcesBuildPhase;
			buildActionMask = 2147483647;
			files = (
				6843E93725A9EA5E0018E0D5 /* CONumButton.m in Sources */,
				6843E90325A9E8DF0018E0D5 /* ViewController.m in Sources */,
				6843E8FD25A9E8DF0018E0D5 /* AppDelegate.m in Sources */,
				041F3D8625AE803400E4CFD9 /* CONumButtonVerdictFactory.m in Sources */,
				040F3A9E25B1299900790433 /* CORuntime.m in Sources */,
				6843E90E25A9E8E40018E0D5 /* main.m in Sources */,
				6843E90025A9E8DF0018E0D5 /* SceneDelegate.m in Sources */,
			);
			runOnlyForDeploymentPostprocessing = 0;
		};
		6843E90F25A9E8E40018E0D5 /* Sources */ = {
			isa = PBXSourcesBuildPhase;
			buildActionMask = 2147483647;
			files = (
				6843E91825A9E8E40018E0D5 /* CONumButtonTests.m in Sources */,
			);
			runOnlyForDeploymentPostprocessing = 0;
		};
		6843E91A25A9E8E40018E0D5 /* Sources */ = {
			isa = PBXSourcesBuildPhase;
			buildActionMask = 2147483647;
			files = (
				6843E92325A9E8E40018E0D5 /* CONumButtonUITests.m in Sources */,
			);
			runOnlyForDeploymentPostprocessing = 0;
		};
/* End PBXSourcesBuildPhase section */

/* Begin PBXTargetDependency section */
		6843E91525A9E8E40018E0D5 /* PBXTargetDependency */ = {
			isa = PBXTargetDependency;
			target = 6843E8F725A9E8DF0018E0D5 /* CONumButton */;
			targetProxy = 6843E91425A9E8E40018E0D5 /* PBXContainerItemProxy */;
		};
		6843E92025A9E8E40018E0D5 /* PBXTargetDependency */ = {
			isa = PBXTargetDependency;
			target = 6843E8F725A9E8DF0018E0D5 /* CONumButton */;
			targetProxy = 6843E91F25A9E8E40018E0D5 /* PBXContainerItemProxy */;
		};
/* End PBXTargetDependency section */

/* Begin PBXVariantGroup section */
		6843E90425A9E8DF0018E0D5 /* Main.storyboard */ = {
			isa = PBXVariantGroup;
			children = (
				6843E90525A9E8DF0018E0D5 /* Base */,
			);
			name = Main.storyboard;
			sourceTree = "<group>";
		};
		6843E90925A9E8E40018E0D5 /* LaunchScreen.storyboard */ = {
			isa = PBXVariantGroup;
			children = (
				6843E90A25A9E8E40018E0D5 /* Base */,
			);
			name = LaunchScreen.storyboard;
			sourceTree = "<group>";
		};
/* End PBXVariantGroup section */

/* Begin XCBuildConfiguration section */
		6843E92525A9E8E40018E0D5 /* Debug */ = {
			isa = XCBuildConfiguration;
			buildSettings = {
				ALWAYS_SEARCH_USER_PATHS = NO;
				CLANG_ANALYZER_NONNULL = YES;
				CLANG_ANALYZER_NUMBER_OBJECT_CONVERSION = YES_AGGRESSIVE;
				CLANG_CXX_LANGUAGE_STANDARD = "gnu++14";
				CLANG_CXX_LIBRARY = "libc++";
				CLANG_ENABLE_MODULES = YES;
				CLANG_ENABLE_OBJC_ARC = YES;
				CLANG_ENABLE_OBJC_WEAK = YES;
				CLANG_WARN_BLOCK_CAPTURE_AUTORELEASING = YES;
				CLANG_WARN_BOOL_CONVERSION = YES;
				CLANG_WARN_COMMA = YES;
				CLANG_WARN_CONSTANT_CONVERSION = YES;
				CLANG_WARN_DEPRECATED_OBJC_IMPLEMENTATIONS = YES;
				CLANG_WARN_DIRECT_OBJC_ISA_USAGE = YES_ERROR;
				CLANG_WARN_DOCUMENTATION_COMMENTS = YES;
				CLANG_WARN_EMPTY_BODY = YES;
				CLANG_WARN_ENUM_CONVERSION = YES;
				CLANG_WARN_INFINITE_RECURSION = YES;
				CLANG_WARN_INT_CONVERSION = YES;
				CLANG_WARN_NON_LITERAL_NULL_CONVERSION = YES;
				CLANG_WARN_OBJC_IMPLICIT_RETAIN_SELF = YES;
				CLANG_WARN_OBJC_LITERAL_CONVERSION = YES;
				CLANG_WARN_OBJC_ROOT_CLASS = YES_ERROR;
				CLANG_WARN_RANGE_LOOP_ANALYSIS = YES;
				CLANG_WARN_STRICT_PROTOTYPES = YES;
				CLANG_WARN_SUSPICIOUS_MOVE = YES;
				CLANG_WARN_UNGUARDED_AVAILABILITY = YES_AGGRESSIVE;
				CLANG_WARN_UNREACHABLE_CODE = YES;
				CLANG_WARN__DUPLICATE_METHOD_MATCH = YES;
				COPY_PHASE_STRIP = NO;
				DEBUG_INFORMATION_FORMAT = dwarf;
				ENABLE_STRICT_OBJC_MSGSEND = YES;
				ENABLE_TESTABILITY = YES;
				GCC_C_LANGUAGE_STANDARD = gnu11;
				GCC_DYNAMIC_NO_PIC = NO;
				GCC_NO_COMMON_BLOCKS = YES;
				GCC_OPTIMIZATION_LEVEL = 0;
				GCC_PREPROCESSOR_DEFINITIONS = (
					"DEBUG=1",
					"$(inherited)",
				);
				GCC_WARN_64_TO_32_BIT_CONVERSION = YES;
				GCC_WARN_ABOUT_RETURN_TYPE = YES_ERROR;
				GCC_WARN_UNDECLARED_SELECTOR = YES;
				GCC_WARN_UNINITIALIZED_AUTOS = YES_AGGRESSIVE;
				GCC_WARN_UNUSED_FUNCTION = YES;
				GCC_WARN_UNUSED_VARIABLE = YES;
				IPHONEOS_DEPLOYMENT_TARGET = 13.6;
				MTL_ENABLE_DEBUG_INFO = INCLUDE_SOURCE;
				MTL_FAST_MATH = YES;
				ONLY_ACTIVE_ARCH = YES;
				SDKROOT = iphoneos;
			};
			name = Debug;
		};
		6843E92625A9E8E40018E0D5 /* Release */ = {
			isa = XCBuildConfiguration;
			buildSettings = {
				ALWAYS_SEARCH_USER_PATHS = NO;
				CLANG_ANALYZER_NONNULL = YES;
				CLANG_ANALYZER_NUMBER_OBJECT_CONVERSION = YES_AGGRESSIVE;
				CLANG_CXX_LANGUAGE_STANDARD = "gnu++14";
				CLANG_CXX_LIBRARY = "libc++";
				CLANG_ENABLE_MODULES = YES;
				CLANG_ENABLE_OBJC_ARC = YES;
				CLANG_ENABLE_OBJC_WEAK = YES;
				CLANG_WARN_BLOCK_CAPTURE_AUTORELEASING = YES;
				CLANG_WARN_BOOL_CONVERSION = YES;
				CLANG_WARN_COMMA = YES;
				CLANG_WARN_CONSTANT_CONVERSION = YES;
				CLANG_WARN_DEPRECATED_OBJC_IMPLEMENTATIONS = YES;
				CLANG_WARN_DIRECT_OBJC_ISA_USAGE = YES_ERROR;
				CLANG_WARN_DOCUMENTATION_COMMENTS = YES;
				CLANG_WARN_EMPTY_BODY = YES;
				CLANG_WARN_ENUM_CONVERSION = YES;
				CLANG_WARN_INFINITE_RECURSION = YES;
				CLANG_WARN_INT_CONVERSION = YES;
				CLANG_WARN_NON_LITERAL_NULL_CONVERSION = YES;
				CLANG_WARN_OBJC_IMPLICIT_RETAIN_SELF = YES;
				CLANG_WARN_OBJC_LITERAL_CONVERSION = YES;
				CLANG_WARN_OBJC_ROOT_CLASS = YES_ERROR;
				CLANG_WARN_RANGE_LOOP_ANALYSIS = YES;
				CLANG_WARN_STRICT_PROTOTYPES = YES;
				CLANG_WARN_SUSPICIOUS_MOVE = YES;
				CLANG_WARN_UNGUARDED_AVAILABILITY = YES_AGGRESSIVE;
				CLANG_WARN_UNREACHABLE_CODE = YES;
				CLANG_WARN__DUPLICATE_METHOD_MATCH = YES;
				COPY_PHASE_STRIP = NO;
				DEBUG_INFORMATION_FORMAT = "dwarf-with-dsym";
				ENABLE_NS_ASSERTIONS = NO;
				ENABLE_STRICT_OBJC_MSGSEND = YES;
				GCC_C_LANGUAGE_STANDARD = gnu11;
				GCC_NO_COMMON_BLOCKS = YES;
				GCC_WARN_64_TO_32_BIT_CONVERSION = YES;
				GCC_WARN_ABOUT_RETURN_TYPE = YES_ERROR;
				GCC_WARN_UNDECLARED_SELECTOR = YES;
				GCC_WARN_UNINITIALIZED_AUTOS = YES_AGGRESSIVE;
				GCC_WARN_UNUSED_FUNCTION = YES;
				GCC_WARN_UNUSED_VARIABLE = YES;
				IPHONEOS_DEPLOYMENT_TARGET = 13.6;
				MTL_ENABLE_DEBUG_INFO = NO;
				MTL_FAST_MATH = YES;
				SDKROOT = iphoneos;
				VALIDATE_PRODUCT = YES;
			};
			name = Release;
		};
		6843E92825A9E8E40018E0D5 /* Debug */ = {
			isa = XCBuildConfiguration;
			buildSettings = {
				ASSETCATALOG_COMPILER_APPICON_NAME = AppIcon;
				CODE_SIGN_STYLE = Automatic;
				INFOPLIST_FILE = conumButton/Info.plist;
				LD_RUNPATH_SEARCH_PATHS = (
					"$(inherited)",
					"@executable_path/Frameworks",
				);
				PRODUCT_BUNDLE_IDENTIFIER = com.crimsonresearch.CoNumButton;
				PRODUCT_NAME = CoNumButton;
				TARGETED_DEVICE_FAMILY = "1,2";
			};
			name = Debug;
		};
		6843E92925A9E8E40018E0D5 /* Release */ = {
			isa = XCBuildConfiguration;
			buildSettings = {
				ASSETCATALOG_COMPILER_APPICON_NAME = AppIcon;
				CODE_SIGN_STYLE = Automatic;
				INFOPLIST_FILE = conumButton/Info.plist;
				LD_RUNPATH_SEARCH_PATHS = (
					"$(inherited)",
					"@executable_path/Frameworks",
				);
				PRODUCT_BUNDLE_IDENTIFIER = com.crimsonresearch.CoNumButton;
				PRODUCT_NAME = CoNumButton;
				TARGETED_DEVICE_FAMILY = "1,2";
			};
			name = Release;
		};
		6843E92B25A9E8E40018E0D5 /* Debug */ = {
			isa = XCBuildConfiguration;
			buildSettings = {
				BUNDLE_LOADER = "$(TEST_HOST)";
				CODE_SIGN_STYLE = Automatic;
				INFOPLIST_FILE = conumButtonTests/Info.plist;
				IPHONEOS_DEPLOYMENT_TARGET = 13.6;
				LD_RUNPATH_SEARCH_PATHS = (
					"$(inherited)",
					"@executable_path/Frameworks",
					"@loader_path/Frameworks",
				);
				PRODUCT_BUNDLE_IDENTIFIER = com.crimsonresearch.conumButtonTests;
				PRODUCT_NAME = "$(TARGET_NAME)";
				TARGETED_DEVICE_FAMILY = "1,2";
				TEST_HOST = "$(BUILT_PRODUCTS_DIR)/CONumButton.app/CONumButton";
			};
			name = Debug;
		};
		6843E92C25A9E8E40018E0D5 /* Release */ = {
			isa = XCBuildConfiguration;
			buildSettings = {
				BUNDLE_LOADER = "$(TEST_HOST)";
				CODE_SIGN_STYLE = Automatic;
				INFOPLIST_FILE = conumButtonTests/Info.plist;
				IPHONEOS_DEPLOYMENT_TARGET = 13.6;
				LD_RUNPATH_SEARCH_PATHS = (
					"$(inherited)",
					"@executable_path/Frameworks",
					"@loader_path/Frameworks",
				);
				PRODUCT_BUNDLE_IDENTIFIER = com.crimsonresearch.conumButtonTests;
				PRODUCT_NAME = "$(TARGET_NAME)";
				TARGETED_DEVICE_FAMILY = "1,2";
				TEST_HOST = "$(BUILT_PRODUCTS_DIR)/CONumButton.app/CONumButton";
			};
			name = Release;
		};
		6843E92E25A9E8E40018E0D5 /* Debug */ = {
			isa = XCBuildConfiguration;
			buildSettings = {
				CODE_SIGN_STYLE = Automatic;
				INFOPLIST_FILE = conumButtonUITests/Info.plist;
				LD_RUNPATH_SEARCH_PATHS = (
					"$(inherited)",
					"@executable_path/Frameworks",
					"@loader_path/Frameworks",
				);
				PRODUCT_BUNDLE_IDENTIFIER = com.crimsonresearch.conumButtonUITests;
				PRODUCT_NAME = "$(TARGET_NAME)";
				TARGETED_DEVICE_FAMILY = "1,2";
				TEST_TARGET_NAME = conumButton;
			};
			name = Debug;
		};
		6843E92F25A9E8E40018E0D5 /* Release */ = {
			isa = XCBuildConfiguration;
			buildSettings = {
				CODE_SIGN_STYLE = Automatic;
				INFOPLIST_FILE = conumButtonUITests/Info.plist;
				LD_RUNPATH_SEARCH_PATHS = (
					"$(inherited)",
					"@executable_path/Frameworks",
					"@loader_path/Frameworks",
				);
				PRODUCT_BUNDLE_IDENTIFIER = com.crimsonresearch.conumButtonUITests;
				PRODUCT_NAME = "$(TARGET_NAME)";
				TARGETED_DEVICE_FAMILY = "1,2";
				TEST_TARGET_NAME = conumButton;
			};
			name = Release;
		};
/* End XCBuildConfiguration section */

/* Begin XCConfigurationList section */
		6843E8F325A9E8DF0018E0D5 /* Build configuration list for PBXProject "CONumButton" */ = {
			isa = XCConfigurationList;
			buildConfigurations = (
				6843E92525A9E8E40018E0D5 /* Debug */,
				6843E92625A9E8E40018E0D5 /* Release */,
			);
			defaultConfigurationIsVisible = 0;
			defaultConfigurationName = Release;
		};
		6843E92725A9E8E40018E0D5 /* Build configuration list for PBXNativeTarget "CONumButton" */ = {
			isa = XCConfigurationList;
			buildConfigurations = (
				6843E92825A9E8E40018E0D5 /* Debug */,
				6843E92925A9E8E40018E0D5 /* Release */,
			);
			defaultConfigurationIsVisible = 0;
			defaultConfigurationName = Release;
		};
		6843E92A25A9E8E40018E0D5 /* Build configuration list for PBXNativeTarget "CONumButtonTests" */ = {
			isa = XCConfigurationList;
			buildConfigurations = (
				6843E92B25A9E8E40018E0D5 /* Debug */,
				6843E92C25A9E8E40018E0D5 /* Release */,
			);
			defaultConfigurationIsVisible = 0;
			defaultConfigurationName = Release;
		};
		6843E92D25A9E8E40018E0D5 /* Build configuration list for PBXNativeTarget "CONumButtonUITests" */ = {
			isa = XCConfigurationList;
			buildConfigurations = (
				6843E92E25A9E8E40018E0D5 /* Debug */,
				6843E92F25A9E8E40018E0D5 /* Release */,
			);
			defaultConfigurationIsVisible = 0;
			defaultConfigurationName = Release;
		};
/* End XCConfigurationList section */
	};
	rootObject = 6843E8F025A9E8DF0018E0D5 /* Project object */;
}
